
Microsoft Visual Studio Solution File, Format Version 12.00
# Visual Studio Version 17
VisualStudioVersion = 17.13.35825.156 d17.13
MinimumVisualStudioVersion = 10.0.40219.1
Project("{FAE04EC0-301F-11D3-BF4B-00C04F79EFBC}") = "BilgisayarMagazasiSistemi", "BilgisayarMagazasiSistemi.csproj", "{7BC8C547-202B-409D-A995-6A0C03B56CD5}"
EndProject
Project("{FAE04EC0-301F-11D3-BF4B-00C04F79EFBC}") = "BilgisayarMagazasiSistemi.Core", "..\BilgisayarMagazasiSistemi.Core\BilgisayarMagazasiSistemi.Core.csproj", "{4DB7F9F6-4B40-49B6-9DEE-7CA9AA4DA2E3}"
EndProject
Project("{FAE04EC0-301F-11D3-BF4B-00C04F79EFBC}") = "BilgisayarMagazasiSistemi.Data.Access", "..\BilgisayarMagazasiSistemi.Data.Access\BilgisayarMagazasiSistemi.Data.Access.csproj", "{54E5BDC6-51F4-40AD-8BBA-32D1ED63DF06}"
EndProject
Project("{FAE04EC0-301F-11D3-BF4B-00C04F79EFBC}") = "BilgisayarMagazasiSistemi.WebUI", "..\BilgisayarMagazasiSistemi.WebUI\BilgisayarMagazasiSistemi.WebUI.csproj", "{EE27F9EA-9F28-48FA-ABB8-89B241B84C04}"
EndProject
Project("{FAE04EC0-301F-11D3-BF4B-00C04F79EFBC}") = "BilgisayarMagazasiSistemi.Business", "..\BilgisayarMagazasiSistemi.Business\BilgisayarMagazasiSistemi.Business.csproj", "{0D5CC65C-C321-4CB4-8547-67C956E15DFF}"
EndProject
Global
	GlobalSection(SolutionConfigurationPlatforms) = preSolution
		Debug|Any CPU = Debug|Any CPU
		Release|Any CPU = Release|Any CPU
	EndGlobalSection
	GlobalSection(ProjectConfigurationPlatforms) = postSolution
		{7BC8C547-202B-409D-A995-6A0C03B56CD5}.Debug|Any CPU.ActiveCfg = Debug|Any CPU
		{7BC8C547-202B-409D-A995-6A0C03B56CD5}.Debug|Any CPU.Build.0 = Debug|Any CPU
		{7BC8C547-202B-409D-A995-6A0C03B56CD5}.Release|Any CPU.ActiveCfg = Release|Any CPU
		{7BC8C547-202B-409D-A995-6A0C03B56CD5}.Release|Any CPU.Build.0 = Release|Any CPU
		{4DB7F9F6-4B40-49B6-9DEE-7CA9AA4DA2E3}.Debug|Any CPU.ActiveCfg = Debug|Any CPU
		{4DB7F9F6-4B40-49B6-9DEE-7CA9AA4DA2E3}.Debug|Any CPU.Build.0 = Debug|Any CPU
		{4DB7F9F6-4B40-49B6-9DEE-7CA9AA4DA2E3}.Release|Any CPU.ActiveCfg = Release|Any CPU
		{4DB7F9F6-4B40-49B6-9DEE-7CA9AA4DA2E3}.Release|Any CPU.Build.0 = Release|Any CPU
		{54E5BDC6-51F4-40AD-8BBA-32D1ED63DF06}.Debug|Any CPU.ActiveCfg = Debug|Any CPU
		{54E5BDC6-51F4-40AD-8BBA-32D1ED63DF06}.Debug|Any CPU.Build.0 = Debug|Any CPU
		{54E5BDC6-51F4-40AD-8BBA-32D1ED63DF06}.Release|Any CPU.ActiveCfg = Release|Any CPU
		{54E5BDC6-51F4-40AD-8BBA-32D1ED63DF06}.Release|Any CPU.Build.0 = Release|Any CPU
		{EE27F9EA-9F28-48FA-ABB8-89B241B84C04}.Debug|Any CPU.ActiveCfg = Debug|Any CPU
		{EE27F9EA-9F28-48FA-ABB8-89B241B84C04}.Debug|Any CPU.Build.0 = Debug|Any CPU
		{EE27F9EA-9F28-48FA-ABB8-89B241B84C04}.Release|Any CPU.ActiveCfg = Release|Any CPU
		{EE27F9EA-9F28-48FA-ABB8-89B241B84C04}.Release|Any CPU.Build.0 = Release|Any CPU
		{0D5CC65C-C321-4CB4-8547-67C956E15DFF}.Debug|Any CPU.ActiveCfg = Debug|Any CPU
		{0D5CC65C-C321-4CB4-8547-67C956E15DFF}.Debug|Any CPU.Build.0 = Debug|Any CPU
		{0D5CC65C-C321-4CB4-8547-67C956E15DFF}.Release|Any CPU.ActiveCfg = Release|Any CPU
		{0D5CC65C-C321-4CB4-8547-67C956E15DFF}.Release|Any CPU.Build.0 = Release|Any CPU
	EndGlobalSection
	GlobalSection(SolutionProperties) = preSolution
		HideSolutionNode = FALSE
	EndGlobalSection
	GlobalSection(ExtensibilityGlobals) = postSolution
		SolutionGuid = {39D365F9-0BA4-40EF-9D94-06B51A10DAE2}
	EndGlobalSection
EndGlobal
